
Microsoft Visual Studio Solution File, Format Version 12.00
# Blend for Visual Studio 15
VisualStudioVersion = 15.0.28307.572
MinimumVisualStudioVersion = 10.0.40219.1
Project("{FAE04EC0-301F-11D3-BF4B-00C04F79EFBC}") = "Chart.Core", "Chart.Core\Chart.Core.csproj", "{DE1AD6C1-25DC-4FEA-9650-0D49220AD07D}"
EndProject
Project("{FAE04EC0-301F-11D3-BF4B-00C04F79EFBC}") = "Chart.Server", "Chart.Server\Chart.Server.csproj", "{84DF6AFB-0C0B-4EA0-A6CF-D58221DA7F7F}"
EndProject
Global
	GlobalSection(SolutionConfigurationPlatforms) = preSolution
		Debug|Any CPU = Debug|Any CPU
		Release|Any CPU = Release|Any CPU
	EndGlobalSection
	GlobalSection(ProjectConfigurationPlatforms) = postSolution
		{DE1AD6C1-25DC-4FEA-9650-0D49220AD07D}.Debug|Any CPU.ActiveCfg = Debug|Any CPU
		{DE1AD6C1-25DC-4FEA-9650-0D49220AD07D}.Debug|Any CPU.Build.0 = Debug|Any CPU
		{DE1AD6C1-25DC-4FEA-9650-0D49220AD07D}.Release|Any CPU.ActiveCfg = Release|Any CPU
		{DE1AD6C1-25DC-4FEA-9650-0D49220AD07D}.Release|Any CPU.Build.0 = Release|Any CPU
		{84DF6AFB-0C0B-4EA0-A6CF-D58221DA7F7F}.Debug|Any CPU.ActiveCfg = Debug|Any CPU
		{84DF6AFB-0C0B-4EA0-A6CF-D58221DA7F7F}.Debug|Any CPU.Build.0 = Debug|Any CPU
		{84DF6AFB-0C0B-4EA0-A6CF-D58221DA7F7F}.Release|Any CPU.ActiveCfg = Release|Any CPU
		{84DF6AFB-0C0B-4EA0-A6CF-D58221DA7F7F}.Release|Any CPU.Build.0 = Release|Any CPU
	EndGlobalSection
	GlobalSection(SolutionProperties) = preSolution
		HideSolutionNode = FALSE
	EndGlobalSection
	GlobalSection(ExtensibilityGlobals) = postSolution
		SolutionGuid = {971ED8C6-2F73-4E8B-B213-7C12C6233F4A}
	EndGlobalSection
EndGlobal
